
Microsoft Visual Studio Solution File, Format Version 12.00
# Visual Studio Version 17
VisualStudioVersion = 17.4.33213.308
MinimumVisualStudioVersion = 10.0.40219.1
Project("{FAE04EC0-301F-11D3-BF4B-00C04F79EFBC}") = "Week4Loops", "Week4Loops\Week4Loops.csproj", "{41958952-42BB-4782-995A-9C852AD67337}"
EndProject
Project("{FAE04EC0-301F-11D3-BF4B-00C04F79EFBC}") = "ForLoopSum", "ForLoopSum\ForLoopSum.csproj", "{38D75E25-B482-4E8F-9B7B-FEE6017F942B}"
EndProject
Project("{FAE04EC0-301F-11D3-BF4B-00C04F79EFBC}") = "RandomNumber", "RandomNumber\RandomNumber.csproj", "{5580CC64-C95B-4E88-BBC2-1E6F9E70F99D}"
EndProject
Project("{FAE04EC0-301F-11D3-BF4B-00C04F79EFBC}") = "WhileLoops", "WhileLoops\WhileLoops.csproj", "{93E1F41F-A1A5-44E5-B5FD-37D68C239140}"
EndProject
Global
	GlobalSection(SolutionConfigurationPlatforms) = preSolution
		Debug|Any CPU = Debug|Any CPU
		Release|Any CPU = Release|Any CPU
	EndGlobalSection
	GlobalSection(ProjectConfigurationPlatforms) = postSolution
		{41958952-42BB-4782-995A-9C852AD67337}.Debug|Any CPU.ActiveCfg = Debug|Any CPU
		{41958952-42BB-4782-995A-9C852AD67337}.Debug|Any CPU.Build.0 = Debug|Any CPU
		{41958952-42BB-4782-995A-9C852AD67337}.Release|Any CPU.ActiveCfg = Release|Any CPU
		{41958952-42BB-4782-995A-9C852AD67337}.Release|Any CPU.Build.0 = Release|Any CPU
		{38D75E25-B482-4E8F-9B7B-FEE6017F942B}.Debug|Any CPU.ActiveCfg = Debug|Any CPU
		{38D75E25-B482-4E8F-9B7B-FEE6017F942B}.Debug|Any CPU.Build.0 = Debug|Any CPU
		{38D75E25-B482-4E8F-9B7B-FEE6017F942B}.Release|Any CPU.ActiveCfg = Release|Any CPU
		{38D75E25-B482-4E8F-9B7B-FEE6017F942B}.Release|Any CPU.Build.0 = Release|Any CPU
		{5580CC64-C95B-4E88-BBC2-1E6F9E70F99D}.Debug|Any CPU.ActiveCfg = Debug|Any CPU
		{5580CC64-C95B-4E88-BBC2-1E6F9E70F99D}.Debug|Any CPU.Build.0 = Debug|Any CPU
		{5580CC64-C95B-4E88-BBC2-1E6F9E70F99D}.Release|Any CPU.ActiveCfg = Release|Any CPU
		{5580CC64-C95B-4E88-BBC2-1E6F9E70F99D}.Release|Any CPU.Build.0 = Release|Any CPU
		{93E1F41F-A1A5-44E5-B5FD-37D68C239140}.Debug|Any CPU.ActiveCfg = Debug|Any CPU
		{93E1F41F-A1A5-44E5-B5FD-37D68C239140}.Debug|Any CPU.Build.0 = Debug|Any CPU
		{93E1F41F-A1A5-44E5-B5FD-37D68C239140}.Release|Any CPU.ActiveCfg = Release|Any CPU
		{93E1F41F-A1A5-44E5-B5FD-37D68C239140}.Release|Any CPU.Build.0 = Release|Any CPU
	EndGlobalSection
	GlobalSection(SolutionProperties) = preSolution
		HideSolutionNode = FALSE
	EndGlobalSection
	GlobalSection(ExtensibilityGlobals) = postSolution
		SolutionGuid = {37B9A6FA-04BF-4B2A-AA27-33620A604524}
	EndGlobalSection
EndGlobal
